{
  "name": "thi.ng_learning",
  "version": "1.0.0",
  "lockfileVersion": 1,
  "requires": true,
  "dependencies": {
    "@thi.ng/api": {
      "version": "6.3.3",
      "resolved": "https://registry.npmjs.org/@thi.ng/api/-/api-6.3.3.tgz",
      "integrity": "sha512-FnBwdcXHv5oZ3plmiAj9kK0dwKX6tCZtdRgcoKFk0VOHB4srYmKD32rV3wjsrsbjNEuIFXlAJtAUEuNOIobNpQ==",
      "requires": {
        "@thi.ng/errors": "^1.2.0"
      }
    },
    "@thi.ng/arrays": {
      "version": "0.2.4",
      "resolved": "https://registry.npmjs.org/@thi.ng/arrays/-/arrays-0.2.4.tgz",
      "integrity": "sha512-Yo7LiJl/Q1OffvMBTdyl3KMRTYqfJYgClF+zNgEGF8F15AHrLN+SJ2IIjgZzcqSDROO+PCQglRzlD7QEcQRu7A==",
      "requires": {
        "@thi.ng/api": "^6.3.3",
        "@thi.ng/checks": "^2.3.0",
        "@thi.ng/compare": "^1.0.9",
        "@thi.ng/equiv": "^1.0.9",
        "@thi.ng/errors": "^1.2.0",
        "@thi.ng/random": "^1.1.11"
      }
    },
    "@thi.ng/atom": {
      "version": "3.0.4",
      "resolved": "https://registry.npmjs.org/@thi.ng/atom/-/atom-3.0.4.tgz",
      "integrity": "sha512-xP/lDtQWv7lV9eS8puuzS/t+sXK17Jm05hHGG3WHvtK06gb6nKmVoqZujO1hW4t950kxmf5cAZAqtswyjS3NAQ==",
      "requires": {
        "@thi.ng/api": "^6.3.3",
        "@thi.ng/checks": "^2.3.0",
        "@thi.ng/equiv": "^1.0.9",
        "@thi.ng/errors": "^1.2.0",
        "@thi.ng/paths": "^2.1.4"
      }
    },
    "@thi.ng/bench": {
      "version": "1.0.9",
      "resolved": "https://registry.npmjs.org/@thi.ng/bench/-/bench-1.0.9.tgz",
      "integrity": "sha512-9jI7CqAe9j/GkVPYjIO3ta5ETF4LaAAQLjOoOQRiK2X8+g1HVK7Hz1QDLq4AYZRnBEaFMzfXO+ELmtDAfat2cA=="
    },
    "@thi.ng/checks": {
      "version": "2.3.0",
      "resolved": "https://registry.npmjs.org/@thi.ng/checks/-/checks-2.3.0.tgz",
      "integrity": "sha512-q5e1ywDXItginchVNCBABtgHHGGDbe7aqWTfJj0T0wkoJhpKI6WcBH9PqZyg48KkzCVyVrAt8b9dyknw/ZWnLQ=="
    },
    "@thi.ng/compare": {
      "version": "1.0.9",
      "resolved": "https://registry.npmjs.org/@thi.ng/compare/-/compare-1.0.9.tgz",
      "integrity": "sha512-Rdz4qFv5lzFeOa2LorC2TEPN9a1NWt3wVKeINETCXo7rQJvzR8lOAkL+eQcjtBInVGNActhThQ5wLnHWlAQuNg=="
    },
    "@thi.ng/compose": {
      "version": "1.3.3",
      "resolved": "https://registry.npmjs.org/@thi.ng/compose/-/compose-1.3.3.tgz",
      "integrity": "sha512-dT0TP2VEGdbvRx2xnM/AoBm/7FNqdbbS/DaAJph6IvkF7AuVo/IOGa6xlxilyIVSU4TY+LZm4BMnw7ZkD2z0KQ==",
      "requires": {
        "@thi.ng/api": "^6.3.3",
        "@thi.ng/errors": "^1.2.0"
      }
    },
    "@thi.ng/diff": {
      "version": "3.2.3",
      "resolved": "https://registry.npmjs.org/@thi.ng/diff/-/diff-3.2.3.tgz",
      "integrity": "sha512-VipGS5iNGBv4qQpftdaU+9suho6H6VaOvZpQxU5vjo7LN0F7a51f/r1R4jSU7SD0QMQAcPt7+Tu/fK2JeniXHA==",
      "requires": {
        "@thi.ng/api": "^6.3.3",
        "@thi.ng/equiv": "^1.0.9"
      }
    },
    "@thi.ng/equiv": {
      "version": "1.0.9",
      "resolved": "https://registry.npmjs.org/@thi.ng/equiv/-/equiv-1.0.9.tgz",
      "integrity": "sha512-xRXzBbCt2fjGR1Vrh1FcY2pcl4JAbuE+a33F8KZIgdUBRmDWIRBT7nDjRf7ihpWts4xVopS4kdRHMeLL+jzN4A=="
    },
    "@thi.ng/errors": {
      "version": "1.2.0",
      "resolved": "https://registry.npmjs.org/@thi.ng/errors/-/errors-1.2.0.tgz",
      "integrity": "sha512-v+kWa1VbbKPEBaN4VAGMdv8ZHiuF1VIR8zPPWvpvZ/adDPv3FI1jyzmikGYQlPtT6ZagQdGnzapsPAoAU2xgAg=="
    },
    "@thi.ng/hdom": {
      "version": "8.0.4",
      "resolved": "https://registry.npmjs.org/@thi.ng/hdom/-/hdom-8.0.4.tgz",
      "integrity": "sha512-Dx8/AHhUtl2ZgJCazYOLO765oyWlpYV/DhnGujEZAeSZHfVuaKUruK0xKtXygAw25tS5VbdJGz86pk1XAbNUdg==",
      "requires": {
        "@thi.ng/api": "^6.3.3",
        "@thi.ng/checks": "^2.3.0",
        "@thi.ng/diff": "^3.2.3",
        "@thi.ng/equiv": "^1.0.9",
        "@thi.ng/errors": "^1.2.0",
        "@thi.ng/hiccup": "^3.2.4"
      }
    },
    "@thi.ng/hiccup": {
      "version": "3.2.4",
      "resolved": "https://registry.npmjs.org/@thi.ng/hiccup/-/hiccup-3.2.4.tgz",
      "integrity": "sha512-bXdJJR53RnnMrqDNt7IX1RgiW8Z0qDoqKmgz5LU5/ltPGLPml0fSA1XrCdAmTwHCFEK63KpuF+NH+XZvVhL5EQ==",
      "requires": {
        "@thi.ng/checks": "^2.3.0",
        "@thi.ng/errors": "^1.2.0"
      }
    },
    "@thi.ng/hiccup-css": {
      "version": "1.1.4",
      "resolved": "https://registry.npmjs.org/@thi.ng/hiccup-css/-/hiccup-css-1.1.4.tgz",
      "integrity": "sha512-kbiBvKdpNi73nG4SqxDuRAg2Pu3e8xW0vRzHAsI5jVvTO1S5whhkcM7hyt+ukb5oqBS3O6ddEEy9bkz2ilPl8Q==",
      "requires": {
        "@thi.ng/api": "^6.3.3",
        "@thi.ng/checks": "^2.3.0",
        "@thi.ng/errors": "^1.2.0",
        "@thi.ng/transducers": "^5.4.4"
      }
    },
    "@thi.ng/memoize": {
      "version": "1.1.3",
      "resolved": "https://registry.npmjs.org/@thi.ng/memoize/-/memoize-1.1.3.tgz",
      "integrity": "sha512-kvaZMZMD9jG2OiDAfLLrXs32th44IrpaRPXKVRuyN5X9Igh4vgawbeqAOTiS3PlnEgAkYpCn5hnc5d19jArMDw==",
      "requires": {
        "@thi.ng/api": "^6.3.3"
      }
    },
    "@thi.ng/paths": {
      "version": "2.1.4",
      "resolved": "https://registry.npmjs.org/@thi.ng/paths/-/paths-2.1.4.tgz",
      "integrity": "sha512-2Xb42xO9qTQBMisWidyNrHfyCJ2qESZTqmoxiHiJICDqExlBgfK5WEzJd1Hi5UgIcw1OQfgq/ixKQKGsFx9Jpg==",
      "requires": {
        "@thi.ng/checks": "^2.3.0",
        "@thi.ng/errors": "^1.2.0"
      }
    },
    "@thi.ng/random": {
      "version": "1.1.11",
      "resolved": "https://registry.npmjs.org/@thi.ng/random/-/random-1.1.11.tgz",
      "integrity": "sha512-mAlPtoWN3OaSoeWKp4mKpDj6PTP7mANyfxAz484uHwvKmzsXm5GdhzlGZhdX4jFLaNenkZT4jiS1JIRQqFMI3w==",
      "requires": {
        "@thi.ng/api": "^6.3.3"
      }
    },
    "@thi.ng/router": {
      "version": "2.0.4",
      "resolved": "https://registry.npmjs.org/@thi.ng/router/-/router-2.0.4.tgz",
      "integrity": "sha512-4Rf+bStE/nHCEsCk3Ph4qUztM3Kif0vEqDKSqorYGdjbjyX7PjDj8ivvriCyiCe9euhtakOi664dFwpM6TYHmQ==",
      "requires": {
        "@thi.ng/api": "^6.3.3",
        "@thi.ng/checks": "^2.3.0",
        "@thi.ng/equiv": "^1.0.9",
        "@thi.ng/errors": "^1.2.0"
      }
    },
    "@thi.ng/strings": {
      "version": "1.2.3",
      "resolved": "https://registry.npmjs.org/@thi.ng/strings/-/strings-1.2.3.tgz",
      "integrity": "sha512-KW0ZP2v8lF0xQ0qbzJoGcqp88e4Pw/rtjLMN5K25acrgDWLCwzPpY3XOyztlVztDc6fzGYZEJYKj/xDEoqS+jA==",
      "requires": {
        "@thi.ng/errors": "^1.2.0",
        "@thi.ng/memoize": "^1.1.3"
      }
    },
    "@thi.ng/transducers": {
      "version": "5.4.4",
      "resolved": "https://registry.npmjs.org/@thi.ng/transducers/-/transducers-5.4.4.tgz",
      "integrity": "sha512-LJj7ABpO+AC7AKpXOa7vXANe2D2YOodHMb7NfSpg/ieuTGXbdUAYNSWq2942ViwUeKZvPTQfhFVrUpsrqw9GvQ==",
      "requires": {
        "@thi.ng/api": "^6.3.3",
        "@thi.ng/arrays": "^0.2.4",
        "@thi.ng/checks": "^2.3.0",
        "@thi.ng/compare": "^1.0.9",
        "@thi.ng/compose": "^1.3.3",
        "@thi.ng/equiv": "^1.0.9",
        "@thi.ng/errors": "^1.2.0",
        "@thi.ng/random": "^1.1.11",
        "@thi.ng/strings": "^1.2.3"
      }
    },
    "tachyons": {
      "version": "4.10.0",
      "resolved": "https://registry.npmjs.org/tachyons/-/tachyons-4.10.0.tgz",
      "integrity": "sha512-50KOizE6V9QB7LdQqVLsLw17dnBzxonC2JWhmbu8xnQYUoyqV+Gcx678NwVM+O8A7jljobtC6QMl/hc8UZOzAA==",
      "dev": true
    }
  }
}
