{
  "name": "thi.ng_learning",
  "version": "1.0.0",
  "lockfileVersion": 1,
  "requires": true,
  "dependencies": {
    "@thi.ng/api": {
      "version": "6.3.3",
      "resolved": "https://registry.npmjs.org/@thi.ng/api/-/api-6.3.3.tgz",
      "integrity": "sha512-FnBwdcXHv5oZ3plmiAj9kK0dwKX6tCZtdRgcoKFk0VOHB4srYmKD32rV3wjsrsbjNEuIFXlAJtAUEuNOIobNpQ==",
      "requires": {
        "@thi.ng/errors": "^1.2.0"
      }
    },
    "@thi.ng/arrays": {
      "version": "0.2.4",
      "resolved": "https://registry.npmjs.org/@thi.ng/arrays/-/arrays-0.2.4.tgz",
      "integrity": "sha512-Yo7LiJl/Q1OffvMBTdyl3KMRTYqfJYgClF+zNgEGF8F15AHrLN+SJ2IIjgZzcqSDROO+PCQglRzlD7QEcQRu7A==",
      "requires": {
        "@thi.ng/api": "^6.3.3",
        "@thi.ng/checks": "^2.3.0",
        "@thi.ng/compare": "^1.0.9",
        "@thi.ng/equiv": "^1.0.9",
        "@thi.ng/errors": "^1.2.0",
        "@thi.ng/random": "^1.1.11"
      }
    },
    "@thi.ng/associative": {
      "version": "3.0.1",
      "resolved": "https://registry.npmjs.org/@thi.ng/associative/-/associative-3.0.1.tgz",
      "integrity": "sha512-k/wO2BJSo9yhAuL4HkFNZwG3bh7QswO4SHO4xXsagGmD3/b2r7QWBOfWPnr9yU6idKrMwyy943YjglT66NN2IA==",
      "requires": {
        "@thi.ng/api": "^6.4.0",
        "@thi.ng/binary": "^1.1.0",
        "@thi.ng/checks": "^2.4.0",
        "@thi.ng/compare": "^1.0.9",
        "@thi.ng/dcons": "^2.1.5",
        "@thi.ng/equiv": "^1.0.9",
        "@thi.ng/errors": "^1.2.0",
        "@thi.ng/transducers": "^5.4.5"
      },
      "dependencies": {
        "@thi.ng/api": {
          "version": "6.4.0",
          "resolved": "https://registry.npmjs.org/@thi.ng/api/-/api-6.4.0.tgz",
          "integrity": "sha512-M7NGkZpn6Clf4AFiXxXyhovXgUtRxu0fxk+JL7+bI/rmRlffEQyMCq2FV2A/ydoExrfXB7ojEJPjKGZehfi/zw==",
          "requires": {
            "@thi.ng/errors": "^1.2.0"
          }
        },
        "@thi.ng/arrays": {
          "version": "0.2.5",
          "resolved": "https://registry.npmjs.org/@thi.ng/arrays/-/arrays-0.2.5.tgz",
          "integrity": "sha512-4WZSUB2oSYJtOGN3PThYacyfgW85BLmL2kx1aQokggrKbJlsBxwMYKPLEGPKlD7eXCzcQiZFxPOQEN7m9CiGwg==",
          "requires": {
            "@thi.ng/api": "^6.4.0",
            "@thi.ng/checks": "^2.4.0",
            "@thi.ng/compare": "^1.0.9",
            "@thi.ng/equiv": "^1.0.9",
            "@thi.ng/errors": "^1.2.0",
            "@thi.ng/random": "^1.1.12"
          }
        },
        "@thi.ng/checks": {
          "version": "2.4.0",
          "resolved": "https://registry.npmjs.org/@thi.ng/checks/-/checks-2.4.0.tgz",
          "integrity": "sha512-ayh4oxeyujbNX0qTZyEHQap6P2FBw+bR89ynqFkrP2TcmaYaHMcfSV625iLD+OH0F/3MYOw3PYINudIJ62XqLg=="
        },
        "@thi.ng/compose": {
          "version": "1.3.4",
          "resolved": "https://registry.npmjs.org/@thi.ng/compose/-/compose-1.3.4.tgz",
          "integrity": "sha512-gw2jTGVMpwLj5EYVigR6EL+yXY7NhkkbjPigfCPYjIST+jSBqQBVO/61xU6By9Prtiq7Umo47MvWlh27EWvSGA==",
          "requires": {
            "@thi.ng/api": "^6.4.0",
            "@thi.ng/errors": "^1.2.0"
          }
        },
        "@thi.ng/memoize": {
          "version": "1.1.4",
          "resolved": "https://registry.npmjs.org/@thi.ng/memoize/-/memoize-1.1.4.tgz",
          "integrity": "sha512-6CvDJbNvdnsIF+qsevm83DVip39fNuUTrmKYlyv24OfofGIgdy3R9ujHRKV4vMhgy0pfLAB5ODYELXNmAKYVKg==",
          "requires": {
            "@thi.ng/api": "^6.4.0"
          }
        },
        "@thi.ng/random": {
          "version": "1.1.12",
          "resolved": "https://registry.npmjs.org/@thi.ng/random/-/random-1.1.12.tgz",
          "integrity": "sha512-jb4vWWZHsWfUpnEJ+IHzCR3ZHlc5gGRr1a2hBpZz4ie+zPSpmcWa/jTIvblZCd6fyqcr0fG3HIuuOYj37nlycA==",
          "requires": {
            "@thi.ng/api": "^6.4.0"
          }
        },
        "@thi.ng/strings": {
          "version": "1.3.0",
          "resolved": "https://registry.npmjs.org/@thi.ng/strings/-/strings-1.3.0.tgz",
          "integrity": "sha512-jZF8/FNVPKmDDAlTaWXeShJ38I+w+rVxY1xyqhqy08/l62IRrHLJWNELVuCzWsc3vMWJmVDw5RsR6Q2PtPha9g==",
          "requires": {
            "@thi.ng/errors": "^1.2.0",
            "@thi.ng/memoize": "^1.1.4"
          }
        },
        "@thi.ng/transducers": {
          "version": "5.4.5",
          "resolved": "https://registry.npmjs.org/@thi.ng/transducers/-/transducers-5.4.5.tgz",
          "integrity": "sha512-LwtluJdIn7wLnYoPAtfmMfxCdwZG7xARK7/KXvZXUmDosfhBHCkyr4J3gphssy9NP8nSDvYjEwIIiDlOq221pw==",
          "requires": {
            "@thi.ng/api": "^6.4.0",
            "@thi.ng/arrays": "^0.2.5",
            "@thi.ng/checks": "^2.4.0",
            "@thi.ng/compare": "^1.0.9",
            "@thi.ng/compose": "^1.3.4",
            "@thi.ng/equiv": "^1.0.9",
            "@thi.ng/errors": "^1.2.0",
            "@thi.ng/random": "^1.1.12",
            "@thi.ng/strings": "^1.3.0"
          }
        }
      }
    },
    "@thi.ng/atom": {
      "version": "3.0.4",
      "resolved": "https://registry.npmjs.org/@thi.ng/atom/-/atom-3.0.4.tgz",
      "integrity": "sha512-xP/lDtQWv7lV9eS8puuzS/t+sXK17Jm05hHGG3WHvtK06gb6nKmVoqZujO1hW4t950kxmf5cAZAqtswyjS3NAQ==",
      "requires": {
        "@thi.ng/api": "^6.3.3",
        "@thi.ng/checks": "^2.3.0",
        "@thi.ng/equiv": "^1.0.9",
        "@thi.ng/errors": "^1.2.0",
        "@thi.ng/paths": "^2.1.4"
      }
    },
    "@thi.ng/bench": {
      "version": "1.0.9",
      "resolved": "https://registry.npmjs.org/@thi.ng/bench/-/bench-1.0.9.tgz",
      "integrity": "sha512-9jI7CqAe9j/GkVPYjIO3ta5ETF4LaAAQLjOoOQRiK2X8+g1HVK7Hz1QDLq4AYZRnBEaFMzfXO+ELmtDAfat2cA=="
    },
    "@thi.ng/binary": {
      "version": "1.1.0",
      "resolved": "https://registry.npmjs.org/@thi.ng/binary/-/binary-1.1.0.tgz",
      "integrity": "sha512-crEA6jisT+deGsdFjNFLjfpGhY2oI90Ja5ctjIVfCp1GKKhBjlEUrdzUoan8zmC5vT9sUvA2UgLTUCZGxDFlsQ=="
    },
    "@thi.ng/checks": {
      "version": "2.3.0",
      "resolved": "https://registry.npmjs.org/@thi.ng/checks/-/checks-2.3.0.tgz",
      "integrity": "sha512-q5e1ywDXItginchVNCBABtgHHGGDbe7aqWTfJj0T0wkoJhpKI6WcBH9PqZyg48KkzCVyVrAt8b9dyknw/ZWnLQ=="
    },
    "@thi.ng/compare": {
      "version": "1.0.9",
      "resolved": "https://registry.npmjs.org/@thi.ng/compare/-/compare-1.0.9.tgz",
      "integrity": "sha512-Rdz4qFv5lzFeOa2LorC2TEPN9a1NWt3wVKeINETCXo7rQJvzR8lOAkL+eQcjtBInVGNActhThQ5wLnHWlAQuNg=="
    },
    "@thi.ng/compose": {
      "version": "1.3.3",
      "resolved": "https://registry.npmjs.org/@thi.ng/compose/-/compose-1.3.3.tgz",
      "integrity": "sha512-dT0TP2VEGdbvRx2xnM/AoBm/7FNqdbbS/DaAJph6IvkF7AuVo/IOGa6xlxilyIVSU4TY+LZm4BMnw7ZkD2z0KQ==",
      "requires": {
        "@thi.ng/api": "^6.3.3",
        "@thi.ng/errors": "^1.2.0"
      }
    },
    "@thi.ng/dcons": {
      "version": "2.1.5",
      "resolved": "https://registry.npmjs.org/@thi.ng/dcons/-/dcons-2.1.5.tgz",
      "integrity": "sha512-HL0sP+CWgBgRQp8tYqrkHZHQ7RcXZ+26N60KftM+q0KmfTmLlLoRtuMjfRHVKZ3hCMeCUklwyR8ZYsroJLgETg==",
      "requires": {
        "@thi.ng/api": "^6.4.0",
        "@thi.ng/checks": "^2.4.0",
        "@thi.ng/compare": "^1.0.9",
        "@thi.ng/equiv": "^1.0.9",
        "@thi.ng/errors": "^1.2.0",
        "@thi.ng/transducers": "^5.4.5"
      },
      "dependencies": {
        "@thi.ng/api": {
          "version": "6.4.0",
          "resolved": "https://registry.npmjs.org/@thi.ng/api/-/api-6.4.0.tgz",
          "integrity": "sha512-M7NGkZpn6Clf4AFiXxXyhovXgUtRxu0fxk+JL7+bI/rmRlffEQyMCq2FV2A/ydoExrfXB7ojEJPjKGZehfi/zw==",
          "requires": {
            "@thi.ng/errors": "^1.2.0"
          }
        },
        "@thi.ng/arrays": {
          "version": "0.2.5",
          "resolved": "https://registry.npmjs.org/@thi.ng/arrays/-/arrays-0.2.5.tgz",
          "integrity": "sha512-4WZSUB2oSYJtOGN3PThYacyfgW85BLmL2kx1aQokggrKbJlsBxwMYKPLEGPKlD7eXCzcQiZFxPOQEN7m9CiGwg==",
          "requires": {
            "@thi.ng/api": "^6.4.0",
            "@thi.ng/checks": "^2.4.0",
            "@thi.ng/compare": "^1.0.9",
            "@thi.ng/equiv": "^1.0.9",
            "@thi.ng/errors": "^1.2.0",
            "@thi.ng/random": "^1.1.12"
          }
        },
        "@thi.ng/checks": {
          "version": "2.4.0",
          "resolved": "https://registry.npmjs.org/@thi.ng/checks/-/checks-2.4.0.tgz",
          "integrity": "sha512-ayh4oxeyujbNX0qTZyEHQap6P2FBw+bR89ynqFkrP2TcmaYaHMcfSV625iLD+OH0F/3MYOw3PYINudIJ62XqLg=="
        },
        "@thi.ng/compose": {
          "version": "1.3.4",
          "resolved": "https://registry.npmjs.org/@thi.ng/compose/-/compose-1.3.4.tgz",
          "integrity": "sha512-gw2jTGVMpwLj5EYVigR6EL+yXY7NhkkbjPigfCPYjIST+jSBqQBVO/61xU6By9Prtiq7Umo47MvWlh27EWvSGA==",
          "requires": {
            "@thi.ng/api": "^6.4.0",
            "@thi.ng/errors": "^1.2.0"
          }
        },
        "@thi.ng/memoize": {
          "version": "1.1.4",
          "resolved": "https://registry.npmjs.org/@thi.ng/memoize/-/memoize-1.1.4.tgz",
          "integrity": "sha512-6CvDJbNvdnsIF+qsevm83DVip39fNuUTrmKYlyv24OfofGIgdy3R9ujHRKV4vMhgy0pfLAB5ODYELXNmAKYVKg==",
          "requires": {
            "@thi.ng/api": "^6.4.0"
          }
        },
        "@thi.ng/random": {
          "version": "1.1.12",
          "resolved": "https://registry.npmjs.org/@thi.ng/random/-/random-1.1.12.tgz",
          "integrity": "sha512-jb4vWWZHsWfUpnEJ+IHzCR3ZHlc5gGRr1a2hBpZz4ie+zPSpmcWa/jTIvblZCd6fyqcr0fG3HIuuOYj37nlycA==",
          "requires": {
            "@thi.ng/api": "^6.4.0"
          }
        },
        "@thi.ng/strings": {
          "version": "1.3.0",
          "resolved": "https://registry.npmjs.org/@thi.ng/strings/-/strings-1.3.0.tgz",
          "integrity": "sha512-jZF8/FNVPKmDDAlTaWXeShJ38I+w+rVxY1xyqhqy08/l62IRrHLJWNELVuCzWsc3vMWJmVDw5RsR6Q2PtPha9g==",
          "requires": {
            "@thi.ng/errors": "^1.2.0",
            "@thi.ng/memoize": "^1.1.4"
          }
        },
        "@thi.ng/transducers": {
          "version": "5.4.5",
          "resolved": "https://registry.npmjs.org/@thi.ng/transducers/-/transducers-5.4.5.tgz",
          "integrity": "sha512-LwtluJdIn7wLnYoPAtfmMfxCdwZG7xARK7/KXvZXUmDosfhBHCkyr4J3gphssy9NP8nSDvYjEwIIiDlOq221pw==",
          "requires": {
            "@thi.ng/api": "^6.4.0",
            "@thi.ng/arrays": "^0.2.5",
            "@thi.ng/checks": "^2.4.0",
            "@thi.ng/compare": "^1.0.9",
            "@thi.ng/compose": "^1.3.4",
            "@thi.ng/equiv": "^1.0.9",
            "@thi.ng/errors": "^1.2.0",
            "@thi.ng/random": "^1.1.12",
            "@thi.ng/strings": "^1.3.0"
          }
        }
      }
    },
    "@thi.ng/diff": {
      "version": "3.2.3",
      "resolved": "https://registry.npmjs.org/@thi.ng/diff/-/diff-3.2.3.tgz",
      "integrity": "sha512-VipGS5iNGBv4qQpftdaU+9suho6H6VaOvZpQxU5vjo7LN0F7a51f/r1R4jSU7SD0QMQAcPt7+Tu/fK2JeniXHA==",
      "requires": {
        "@thi.ng/api": "^6.3.3",
        "@thi.ng/equiv": "^1.0.9"
      }
    },
    "@thi.ng/equiv": {
      "version": "1.0.9",
      "resolved": "https://registry.npmjs.org/@thi.ng/equiv/-/equiv-1.0.9.tgz",
      "integrity": "sha512-xRXzBbCt2fjGR1Vrh1FcY2pcl4JAbuE+a33F8KZIgdUBRmDWIRBT7nDjRf7ihpWts4xVopS4kdRHMeLL+jzN4A=="
    },
    "@thi.ng/errors": {
      "version": "1.2.0",
      "resolved": "https://registry.npmjs.org/@thi.ng/errors/-/errors-1.2.0.tgz",
      "integrity": "sha512-v+kWa1VbbKPEBaN4VAGMdv8ZHiuF1VIR8zPPWvpvZ/adDPv3FI1jyzmikGYQlPtT6ZagQdGnzapsPAoAU2xgAg=="
    },
    "@thi.ng/hdom": {
      "version": "8.0.4",
      "resolved": "https://registry.npmjs.org/@thi.ng/hdom/-/hdom-8.0.4.tgz",
      "integrity": "sha512-Dx8/AHhUtl2ZgJCazYOLO765oyWlpYV/DhnGujEZAeSZHfVuaKUruK0xKtXygAw25tS5VbdJGz86pk1XAbNUdg==",
      "requires": {
        "@thi.ng/api": "^6.3.3",
        "@thi.ng/checks": "^2.3.0",
        "@thi.ng/diff": "^3.2.3",
        "@thi.ng/equiv": "^1.0.9",
        "@thi.ng/errors": "^1.2.0",
        "@thi.ng/hiccup": "^3.2.4"
      }
    },
    "@thi.ng/hiccup": {
      "version": "3.2.4",
      "resolved": "https://registry.npmjs.org/@thi.ng/hiccup/-/hiccup-3.2.4.tgz",
      "integrity": "sha512-bXdJJR53RnnMrqDNt7IX1RgiW8Z0qDoqKmgz5LU5/ltPGLPml0fSA1XrCdAmTwHCFEK63KpuF+NH+XZvVhL5EQ==",
      "requires": {
        "@thi.ng/checks": "^2.3.0",
        "@thi.ng/errors": "^1.2.0"
      }
    },
    "@thi.ng/hiccup-css": {
      "version": "1.1.4",
      "resolved": "https://registry.npmjs.org/@thi.ng/hiccup-css/-/hiccup-css-1.1.4.tgz",
      "integrity": "sha512-kbiBvKdpNi73nG4SqxDuRAg2Pu3e8xW0vRzHAsI5jVvTO1S5whhkcM7hyt+ukb5oqBS3O6ddEEy9bkz2ilPl8Q==",
      "requires": {
        "@thi.ng/api": "^6.3.3",
        "@thi.ng/checks": "^2.3.0",
        "@thi.ng/errors": "^1.2.0",
        "@thi.ng/transducers": "^5.4.4"
      }
    },
    "@thi.ng/interceptors": {
      "version": "2.2.1",
      "resolved": "https://registry.npmjs.org/@thi.ng/interceptors/-/interceptors-2.2.1.tgz",
      "integrity": "sha512-P/7Ms9yZKkw7ez/WsSMYrVHr0/OXBz6MRoNGyodWL7H5DW143/iInQaUD/JbiLb5npbdgFYpahnBImBk7gLNXg==",
      "requires": {
        "@thi.ng/api": "^6.4.0",
        "@thi.ng/atom": "^3.1.0",
        "@thi.ng/checks": "^2.4.0",
        "@thi.ng/errors": "^1.2.0",
        "@thi.ng/paths": "^2.1.5"
      },
      "dependencies": {
        "@thi.ng/api": {
          "version": "6.4.0",
          "resolved": "https://registry.npmjs.org/@thi.ng/api/-/api-6.4.0.tgz",
          "integrity": "sha512-M7NGkZpn6Clf4AFiXxXyhovXgUtRxu0fxk+JL7+bI/rmRlffEQyMCq2FV2A/ydoExrfXB7ojEJPjKGZehfi/zw==",
          "requires": {
            "@thi.ng/errors": "^1.2.0"
          }
        },
        "@thi.ng/atom": {
          "version": "3.1.0",
          "resolved": "https://registry.npmjs.org/@thi.ng/atom/-/atom-3.1.0.tgz",
          "integrity": "sha512-ZCqYCp0DsemUSKccKOgEbZlStg30U9Dm8x+bW92DbqSXMvLbGLn2Aw2DllcAu05zms8x5faMUMJxbQ1PzRbrCQ==",
          "requires": {
            "@thi.ng/api": "^6.4.0",
            "@thi.ng/checks": "^2.4.0",
            "@thi.ng/equiv": "^1.0.9",
            "@thi.ng/errors": "^1.2.0",
            "@thi.ng/paths": "^2.1.5"
          }
        },
        "@thi.ng/checks": {
          "version": "2.4.0",
          "resolved": "https://registry.npmjs.org/@thi.ng/checks/-/checks-2.4.0.tgz",
          "integrity": "sha512-ayh4oxeyujbNX0qTZyEHQap6P2FBw+bR89ynqFkrP2TcmaYaHMcfSV625iLD+OH0F/3MYOw3PYINudIJ62XqLg=="
        },
        "@thi.ng/paths": {
          "version": "2.1.5",
          "resolved": "https://registry.npmjs.org/@thi.ng/paths/-/paths-2.1.5.tgz",
          "integrity": "sha512-HgkoASmZiiJdzshjbmjFJh/YXxPbydelUeCsOEkawJ3PyZDH0L4Bo+aVdQnN0/TmWqn/WaHGvQlo5BJAYLLJ1w==",
          "requires": {
            "@thi.ng/checks": "^2.4.0",
            "@thi.ng/errors": "^1.2.0"
          }
        }
      }
    },
    "@thi.ng/memoize": {
      "version": "1.1.3",
      "resolved": "https://registry.npmjs.org/@thi.ng/memoize/-/memoize-1.1.3.tgz",
      "integrity": "sha512-kvaZMZMD9jG2OiDAfLLrXs32th44IrpaRPXKVRuyN5X9Igh4vgawbeqAOTiS3PlnEgAkYpCn5hnc5d19jArMDw==",
      "requires": {
        "@thi.ng/api": "^6.3.3"
      }
    },
    "@thi.ng/paths": {
      "version": "2.1.4",
      "resolved": "https://registry.npmjs.org/@thi.ng/paths/-/paths-2.1.4.tgz",
      "integrity": "sha512-2Xb42xO9qTQBMisWidyNrHfyCJ2qESZTqmoxiHiJICDqExlBgfK5WEzJd1Hi5UgIcw1OQfgq/ixKQKGsFx9Jpg==",
      "requires": {
        "@thi.ng/checks": "^2.3.0",
        "@thi.ng/errors": "^1.2.0"
      }
    },
    "@thi.ng/random": {
      "version": "1.1.11",
      "resolved": "https://registry.npmjs.org/@thi.ng/random/-/random-1.1.11.tgz",
      "integrity": "sha512-mAlPtoWN3OaSoeWKp4mKpDj6PTP7mANyfxAz484uHwvKmzsXm5GdhzlGZhdX4jFLaNenkZT4jiS1JIRQqFMI3w==",
      "requires": {
        "@thi.ng/api": "^6.3.3"
      }
    },
    "@thi.ng/router": {
      "version": "2.0.4",
      "resolved": "https://registry.npmjs.org/@thi.ng/router/-/router-2.0.4.tgz",
      "integrity": "sha512-4Rf+bStE/nHCEsCk3Ph4qUztM3Kif0vEqDKSqorYGdjbjyX7PjDj8ivvriCyiCe9euhtakOi664dFwpM6TYHmQ==",
      "requires": {
        "@thi.ng/api": "^6.3.3",
        "@thi.ng/checks": "^2.3.0",
        "@thi.ng/equiv": "^1.0.9",
        "@thi.ng/errors": "^1.2.0"
      }
    },
    "@thi.ng/rstream": {
      "version": "2.5.5",
      "resolved": "https://registry.npmjs.org/@thi.ng/rstream/-/rstream-2.5.5.tgz",
      "integrity": "sha512-ZpyOFiAnhJYWhAJucJYyfBjAZaZzRtKSefGd12qzzE94lBt0EFFMoE69a28YJgVluSF3FF2FmNK2/BOd2rqHdA==",
      "requires": {
        "@thi.ng/api": "^6.4.0",
        "@thi.ng/associative": "^3.0.1",
        "@thi.ng/atom": "^3.1.0",
        "@thi.ng/checks": "^2.4.0",
        "@thi.ng/errors": "^1.2.0",
        "@thi.ng/paths": "^2.1.5",
        "@thi.ng/transducers": "^5.4.5"
      },
      "dependencies": {
        "@thi.ng/api": {
          "version": "6.4.0",
          "resolved": "https://registry.npmjs.org/@thi.ng/api/-/api-6.4.0.tgz",
          "integrity": "sha512-M7NGkZpn6Clf4AFiXxXyhovXgUtRxu0fxk+JL7+bI/rmRlffEQyMCq2FV2A/ydoExrfXB7ojEJPjKGZehfi/zw==",
          "requires": {
            "@thi.ng/errors": "^1.2.0"
          }
        },
        "@thi.ng/arrays": {
          "version": "0.2.5",
          "resolved": "https://registry.npmjs.org/@thi.ng/arrays/-/arrays-0.2.5.tgz",
          "integrity": "sha512-4WZSUB2oSYJtOGN3PThYacyfgW85BLmL2kx1aQokggrKbJlsBxwMYKPLEGPKlD7eXCzcQiZFxPOQEN7m9CiGwg==",
          "requires": {
            "@thi.ng/api": "^6.4.0",
            "@thi.ng/checks": "^2.4.0",
            "@thi.ng/compare": "^1.0.9",
            "@thi.ng/equiv": "^1.0.9",
            "@thi.ng/errors": "^1.2.0",
            "@thi.ng/random": "^1.1.12"
          }
        },
        "@thi.ng/atom": {
          "version": "3.1.0",
          "resolved": "https://registry.npmjs.org/@thi.ng/atom/-/atom-3.1.0.tgz",
          "integrity": "sha512-ZCqYCp0DsemUSKccKOgEbZlStg30U9Dm8x+bW92DbqSXMvLbGLn2Aw2DllcAu05zms8x5faMUMJxbQ1PzRbrCQ==",
          "requires": {
            "@thi.ng/api": "^6.4.0",
            "@thi.ng/checks": "^2.4.0",
            "@thi.ng/equiv": "^1.0.9",
            "@thi.ng/errors": "^1.2.0",
            "@thi.ng/paths": "^2.1.5"
          }
        },
        "@thi.ng/checks": {
          "version": "2.4.0",
          "resolved": "https://registry.npmjs.org/@thi.ng/checks/-/checks-2.4.0.tgz",
          "integrity": "sha512-ayh4oxeyujbNX0qTZyEHQap6P2FBw+bR89ynqFkrP2TcmaYaHMcfSV625iLD+OH0F/3MYOw3PYINudIJ62XqLg=="
        },
        "@thi.ng/compose": {
          "version": "1.3.4",
          "resolved": "https://registry.npmjs.org/@thi.ng/compose/-/compose-1.3.4.tgz",
          "integrity": "sha512-gw2jTGVMpwLj5EYVigR6EL+yXY7NhkkbjPigfCPYjIST+jSBqQBVO/61xU6By9Prtiq7Umo47MvWlh27EWvSGA==",
          "requires": {
            "@thi.ng/api": "^6.4.0",
            "@thi.ng/errors": "^1.2.0"
          }
        },
        "@thi.ng/memoize": {
          "version": "1.1.4",
          "resolved": "https://registry.npmjs.org/@thi.ng/memoize/-/memoize-1.1.4.tgz",
          "integrity": "sha512-6CvDJbNvdnsIF+qsevm83DVip39fNuUTrmKYlyv24OfofGIgdy3R9ujHRKV4vMhgy0pfLAB5ODYELXNmAKYVKg==",
          "requires": {
            "@thi.ng/api": "^6.4.0"
          }
        },
        "@thi.ng/paths": {
          "version": "2.1.5",
          "resolved": "https://registry.npmjs.org/@thi.ng/paths/-/paths-2.1.5.tgz",
          "integrity": "sha512-HgkoASmZiiJdzshjbmjFJh/YXxPbydelUeCsOEkawJ3PyZDH0L4Bo+aVdQnN0/TmWqn/WaHGvQlo5BJAYLLJ1w==",
          "requires": {
            "@thi.ng/checks": "^2.4.0",
            "@thi.ng/errors": "^1.2.0"
          }
        },
        "@thi.ng/random": {
          "version": "1.1.12",
          "resolved": "https://registry.npmjs.org/@thi.ng/random/-/random-1.1.12.tgz",
          "integrity": "sha512-jb4vWWZHsWfUpnEJ+IHzCR3ZHlc5gGRr1a2hBpZz4ie+zPSpmcWa/jTIvblZCd6fyqcr0fG3HIuuOYj37nlycA==",
          "requires": {
            "@thi.ng/api": "^6.4.0"
          }
        },
        "@thi.ng/strings": {
          "version": "1.3.0",
          "resolved": "https://registry.npmjs.org/@thi.ng/strings/-/strings-1.3.0.tgz",
          "integrity": "sha512-jZF8/FNVPKmDDAlTaWXeShJ38I+w+rVxY1xyqhqy08/l62IRrHLJWNELVuCzWsc3vMWJmVDw5RsR6Q2PtPha9g==",
          "requires": {
            "@thi.ng/errors": "^1.2.0",
            "@thi.ng/memoize": "^1.1.4"
          }
        },
        "@thi.ng/transducers": {
          "version": "5.4.5",
          "resolved": "https://registry.npmjs.org/@thi.ng/transducers/-/transducers-5.4.5.tgz",
          "integrity": "sha512-LwtluJdIn7wLnYoPAtfmMfxCdwZG7xARK7/KXvZXUmDosfhBHCkyr4J3gphssy9NP8nSDvYjEwIIiDlOq221pw==",
          "requires": {
            "@thi.ng/api": "^6.4.0",
            "@thi.ng/arrays": "^0.2.5",
            "@thi.ng/checks": "^2.4.0",
            "@thi.ng/compare": "^1.0.9",
            "@thi.ng/compose": "^1.3.4",
            "@thi.ng/equiv": "^1.0.9",
            "@thi.ng/errors": "^1.2.0",
            "@thi.ng/random": "^1.1.12",
            "@thi.ng/strings": "^1.3.0"
          }
        }
      }
    },
    "@thi.ng/strings": {
      "version": "1.2.3",
      "resolved": "https://registry.npmjs.org/@thi.ng/strings/-/strings-1.2.3.tgz",
      "integrity": "sha512-KW0ZP2v8lF0xQ0qbzJoGcqp88e4Pw/rtjLMN5K25acrgDWLCwzPpY3XOyztlVztDc6fzGYZEJYKj/xDEoqS+jA==",
      "requires": {
        "@thi.ng/errors": "^1.2.0",
        "@thi.ng/memoize": "^1.1.3"
      }
    },
    "@thi.ng/transducers": {
      "version": "5.4.4",
      "resolved": "https://registry.npmjs.org/@thi.ng/transducers/-/transducers-5.4.4.tgz",
      "integrity": "sha512-LJj7ABpO+AC7AKpXOa7vXANe2D2YOodHMb7NfSpg/ieuTGXbdUAYNSWq2942ViwUeKZvPTQfhFVrUpsrqw9GvQ==",
      "requires": {
        "@thi.ng/api": "^6.3.3",
        "@thi.ng/arrays": "^0.2.4",
        "@thi.ng/checks": "^2.3.0",
        "@thi.ng/compare": "^1.0.9",
        "@thi.ng/compose": "^1.3.3",
        "@thi.ng/equiv": "^1.0.9",
        "@thi.ng/errors": "^1.2.0",
        "@thi.ng/random": "^1.1.11",
        "@thi.ng/strings": "^1.2.3"
      }
    },
    "encoding": {
      "version": "0.1.12",
      "resolved": "https://registry.npmjs.org/encoding/-/encoding-0.1.12.tgz",
      "integrity": "sha1-U4tm8+5izRq1HsMjgp0flIDHS+s=",
      "requires": {
        "iconv-lite": "~0.4.13"
      }
    },
    "fetch-progress": {
      "version": "1.2.0",
      "resolved": "https://registry.npmjs.org/fetch-progress/-/fetch-progress-1.2.0.tgz",
      "integrity": "sha512-i3eO9oA0cMWG0ePh3u5i58t43/nKUBU7MEcMeTqRwu4tUj4Wl6SK8GP0X/Q7iU6iVyKGn8Xuon9wFOnW8JL3UA=="
    },
    "iconv-lite": {
      "version": "0.4.24",
      "resolved": "https://registry.npmjs.org/iconv-lite/-/iconv-lite-0.4.24.tgz",
      "integrity": "sha512-v3MXnZAcvnywkTUEZomIActle7RXXeedOR31wwl7VlyoXO4Qi9arvSenNQWne1TcRwhCL1HwLI21bEqdpj8/rA==",
      "requires": {
        "safer-buffer": ">= 2.1.2 < 3"
      }
    },
    "is-stream": {
      "version": "1.1.0",
      "resolved": "https://registry.npmjs.org/is-stream/-/is-stream-1.1.0.tgz",
      "integrity": "sha1-EtSj3U5o4Lec6428hBc66A2RykQ="
    },
    "isomorphic-fetch": {
      "version": "2.2.1",
      "resolved": "https://registry.npmjs.org/isomorphic-fetch/-/isomorphic-fetch-2.2.1.tgz",
      "integrity": "sha1-YRrhrPFPXoH3KVB0coGf6XM1WKk=",
      "requires": {
        "node-fetch": "^1.0.1",
        "whatwg-fetch": ">=0.10.0"
      }
    },
    "node-fetch": {
      "version": "1.7.3",
      "resolved": "https://registry.npmjs.org/node-fetch/-/node-fetch-1.7.3.tgz",
      "integrity": "sha512-NhZ4CsKx7cYm2vSrBAr2PvFOe6sWDf0UYLRqA6svUYg7+/TSfVAu49jYC4BvQ4Sms9SZgdqGBgroqfDhJdTyKQ==",
      "requires": {
        "encoding": "^0.1.11",
        "is-stream": "^1.0.1"
      }
    },
    "ramda": {
      "version": "0.26.1",
      "resolved": "https://registry.npmjs.org/ramda/-/ramda-0.26.1.tgz",
      "integrity": "sha512-hLWjpy7EnsDBb0p+Z3B7rPi3GDeRG5ZtiI33kJhTt+ORCd38AbAIjB/9zRIUoeTbE/AVX5ZkU7m6bznsvrf8eQ=="
    },
    "regenerator-runtime": {
      "version": "0.13.3",
      "resolved": "https://registry.npmjs.org/regenerator-runtime/-/regenerator-runtime-0.13.3.tgz",
      "integrity": "sha512-naKIZz2GQ8JWh///G7L3X6LaQUAMp2lvb1rvwwsURe/VXwD6VMfr+/1NuNw3ag8v2kY1aQ/go5SNn79O9JU7yw=="
    },
    "safer-buffer": {
      "version": "2.1.2",
      "resolved": "https://registry.npmjs.org/safer-buffer/-/safer-buffer-2.1.2.tgz",
      "integrity": "sha512-YZo3K82SD7Riyi0E1EQPojLz7kpepnSQI9IyPbHHg1XXXevb5dJI7tpyN2ADxGcQbHG7vcyRHk0cbwqcQriUtg=="
    },
    "tachyons": {
      "version": "4.10.0",
      "resolved": "https://registry.npmjs.org/tachyons/-/tachyons-4.10.0.tgz",
      "integrity": "sha512-50KOizE6V9QB7LdQqVLsLw17dnBzxonC2JWhmbu8xnQYUoyqV+Gcx678NwVM+O8A7jljobtC6QMl/hc8UZOzAA==",
      "dev": true
    },
    "whatwg-fetch": {
      "version": "3.0.0",
      "resolved": "https://registry.npmjs.org/whatwg-fetch/-/whatwg-fetch-3.0.0.tgz",
      "integrity": "sha512-9GSJUgz1D4MfyKU7KRqwOjXCXTqWdFNvEr7eUBYchQiVc744mqK/MzXPNR2WsPkmkOa4ywfg8C2n8h+13Bey1Q=="
    }
  }
}
